
Microsoft Visual Studio Solution File, Format Version 12.00
# Visual Studio Version 16
VisualStudioVersion = 16.0.31205.134
MinimumVisualStudioVersion = 10.0.40219.1
Project("{FAE04EC0-301F-11D3-BF4B-00C04F79EFBC}") = "GaziMobileAPI", "GaziMobileAPI\GaziMobileAPI.csproj", "{AA59A541-0A72-4525-B7AE-098B6FDF43E3}"
EndProject
Project("{FAE04EC0-301F-11D3-BF4B-00C04F79EFBC}") = "Business", "Business\Business.csproj", "{E360FE7E-65F3-44DF-9BA0-D7BCFEC09E04}"
EndProject
Project("{FAE04EC0-301F-11D3-BF4B-00C04F79EFBC}") = "Core", "Core\Core.csproj", "{1257F5BA-B49B-47C4-9B2B-7BCCA17BC180}"
EndProject
Project("{FAE04EC0-301F-11D3-BF4B-00C04F79EFBC}") = "DataAccess", "DataAccess\DataAccess.csproj", "{482C050D-D685-4AAB-8DF2-C481F07FEACE}"
EndProject
Project("{FAE04EC0-301F-11D3-BF4B-00C04F79EFBC}") = "Entities", "Entities\Entities.csproj", "{6D4D74D2-EA8F-49FC-ACE0-C540973690ED}"
EndProject
Global
	GlobalSection(SolutionConfigurationPlatforms) = preSolution
		Debug|Any CPU = Debug|Any CPU
		Release|Any CPU = Release|Any CPU
	EndGlobalSection
	GlobalSection(ProjectConfigurationPlatforms) = postSolution
		{AA59A541-0A72-4525-B7AE-098B6FDF43E3}.Debug|Any CPU.ActiveCfg = Debug|Any CPU
		{AA59A541-0A72-4525-B7AE-098B6FDF43E3}.Debug|Any CPU.Build.0 = Debug|Any CPU
		{AA59A541-0A72-4525-B7AE-098B6FDF43E3}.Release|Any CPU.ActiveCfg = Release|Any CPU
		{AA59A541-0A72-4525-B7AE-098B6FDF43E3}.Release|Any CPU.Build.0 = Release|Any CPU
		{E360FE7E-65F3-44DF-9BA0-D7BCFEC09E04}.Debug|Any CPU.ActiveCfg = Debug|Any CPU
		{E360FE7E-65F3-44DF-9BA0-D7BCFEC09E04}.Debug|Any CPU.Build.0 = Debug|Any CPU
		{E360FE7E-65F3-44DF-9BA0-D7BCFEC09E04}.Release|Any CPU.ActiveCfg = Release|Any CPU
		{E360FE7E-65F3-44DF-9BA0-D7BCFEC09E04}.Release|Any CPU.Build.0 = Release|Any CPU
		{1257F5BA-B49B-47C4-9B2B-7BCCA17BC180}.Debug|Any CPU.ActiveCfg = Debug|Any CPU
		{1257F5BA-B49B-47C4-9B2B-7BCCA17BC180}.Debug|Any CPU.Build.0 = Debug|Any CPU
		{1257F5BA-B49B-47C4-9B2B-7BCCA17BC180}.Release|Any CPU.ActiveCfg = Release|Any CPU
		{1257F5BA-B49B-47C4-9B2B-7BCCA17BC180}.Release|Any CPU.Build.0 = Release|Any CPU
		{482C050D-D685-4AAB-8DF2-C481F07FEACE}.Debug|Any CPU.ActiveCfg = Debug|Any CPU
		{482C050D-D685-4AAB-8DF2-C481F07FEACE}.Debug|Any CPU.Build.0 = Debug|Any CPU
		{482C050D-D685-4AAB-8DF2-C481F07FEACE}.Release|Any CPU.ActiveCfg = Release|Any CPU
		{482C050D-D685-4AAB-8DF2-C481F07FEACE}.Release|Any CPU.Build.0 = Release|Any CPU
		{6D4D74D2-EA8F-49FC-ACE0-C540973690ED}.Debug|Any CPU.ActiveCfg = Debug|Any CPU
		{6D4D74D2-EA8F-49FC-ACE0-C540973690ED}.Debug|Any CPU.Build.0 = Debug|Any CPU
		{6D4D74D2-EA8F-49FC-ACE0-C540973690ED}.Release|Any CPU.ActiveCfg = Release|Any CPU
		{6D4D74D2-EA8F-49FC-ACE0-C540973690ED}.Release|Any CPU.Build.0 = Release|Any CPU
	EndGlobalSection
	GlobalSection(SolutionProperties) = preSolution
		HideSolutionNode = FALSE
	EndGlobalSection
	GlobalSection(ExtensibilityGlobals) = postSolution
		SolutionGuid = {8E822D37-EE85-491C-8FF7-903C74E564E2}
	EndGlobalSection
EndGlobal
